github.com/confluentinc/confluent-kafka-go v1.1.0 h1:HIW7Nkm8IeKRotC34mGY06DwQMf9Mp9PZMyqDxid2wI=
github.com/confluentinc/confluent-kafka-go v1.1.0/go.mod h1:u2zNLny2xq+5rWeTQjFHbDzzNuba4P1vo31r9r4uAdg=
gopkg.in/confluentinc/confluent-kafka-go.v1 v1.1.0 h1:roy97m/3wj9/o8OuU3sZ5wildk30ep38k2x8nhNbKrI=
gopkg.in/confluentinc/confluent-kafka-go.v1 v1.1.0/go.mod h1:ZdI3yfYmdNSLQPNCpO1y00EHyWaHG5EnQEyL/ntAegY=
